// !$*UTF8*$!
{
	archiveVersion = 1;
	classes = {
	};
	objectVersion = 46;
	objects = {

/* Begin PBXBuildFile section */
		10C919801D129449004E1A96 /* AppDelegate.swift in Sources */ = {isa = PBXBuildFile; fileRef = 10C9197F1D129449004E1A96 /* AppDelegate.swift */; };
		10C919821D129449004E1A96 /* ViewController.swift in Sources */ = {isa = PBXBuildFile; fileRef = 10C919811D129449004E1A96 /* ViewController.swift */; };
		10C919851D129449004E1A96 /* Main.storyboard in Resources */ = {isa = PBXBuildFile; fileRef = 10C919831D129449004E1A96 /* Main.storyboard */; };
		10C919871D129449004E1A96 /* Assets.xcassets in Resources */ = {isa = PBXBuildFile; fileRef = 10C919861D129449004E1A96 /* Assets.xcassets */; };
		10C9198A1D129449004E1A96 /* LaunchScreen.storyboard in Resources */ = {isa = PBXBuildFile; fileRef = 10C919881D129449004E1A96 /* LaunchScreen.storyboard */; };
		10C919961D12945C004E1A96 /* KeyboardViewController.swift in Sources */ = {isa = PBXBuildFile; fileRef = 10C919951D12945C004E1A96 /* KeyboardViewController.swift */; };
		10C9199A1D12945C004E1A96 /* KeyEasy.appex in Embed App Extensions */ = {isa = PBXBuildFile; fileRef = 10C919931D12945C004E1A96 /* KeyEasy.appex */; settings = {ATTRIBUTES = (RemoveHeadersOnCopy, ); }; };
/* End PBXBuildFile section */

/* Begin PBXContainerItemProxy section */
		10C919981D12945C004E1A96 /* PBXContainerItemProxy */ = {
			isa = PBXContainerItemProxy;
			containerPortal = 10C9193D1D128E30004E1A96 /* Project object */;
			proxyType = 1;
			remoteGlobalIDString = 10C919921D12945C004E1A96;
			remoteInfo = KeyEasy;
		};
/* End PBXContainerItemProxy section */

/* Begin PBXCopyFilesBuildPhase section */
		10C9199E1D12945C004E1A96 /* Embed App Extensions */ = {
			isa = PBXCopyFilesBuildPhase;
			buildActionMask = 2147483647;
			dstPath = "";
			dstSubfolderSpec = 13;
			files = (
				10C9199A1D12945C004E1A96 /* KeyEasy.appex in Embed App Extensions */,
			);
			name = "Embed App Extensions";
			runOnlyForDeploymentPostprocessing = 0;
		};
/* End PBXCopyFilesBuildPhase section */

/* Begin PBXFileReference section */
		10C9197D1D129449004E1A96 /* KeyEasy App.app */ = {isa = PBXFileReference; explicitFileType = wrapper.application; includeInIndex = 0; path = "KeyEasy App.app"; sourceTree = BUILT_PRODUCTS_DIR; };
		10C9197F1D129449004E1A96 /* AppDelegate.swift */ = {isa = PBXFileReference; lastKnownFileType = sourcecode.swift; path = AppDelegate.swift; sourceTree = "<group>"; };
		10C919811D129449004E1A96 /* ViewController.swift */ = {isa = PBXFileReference; lastKnownFileType = sourcecode.swift; path = ViewController.swift; sourceTree = "<group>"; };
		10C919841D129449004E1A96 /* Base */ = {isa = PBXFileReference; lastKnownFileType = file.storyboard; name = Base; path = Base.lproj/Main.storyboard; sourceTree = "<group>"; };
		10C919861D129449004E1A96 /* Assets.xcassets */ = {isa = PBXFileReference; lastKnownFileType = folder.assetcatalog; path = Assets.xcassets; sourceTree = "<group>"; };
		10C919891D129449004E1A96 /* Base */ = {isa = PBXFileReference; lastKnownFileType = file.storyboard; name = Base; path = Base.lproj/LaunchScreen.storyboard; sourceTree = "<group>"; };
		10C9198B1D129449004E1A96 /* Info.plist */ = {isa = PBXFileReference; lastKnownFileType = text.plist.xml; path = Info.plist; sourceTree = "<group>"; };
		10C919931D12945C004E1A96 /* KeyEasy.appex */ = {isa = PBXFileReference; explicitFileType = "wrapper.app-extension"; includeInIndex = 0; path = KeyEasy.appex; sourceTree = BUILT_PRODUCTS_DIR; };
		10C919951D12945C004E1A96 /* KeyboardViewController.swift */ = {isa = PBXFileReference; lastKnownFileType = sourcecode.swift; path = KeyboardViewController.swift; sourceTree = "<group>"; };
		10C919971D12945C004E1A96 /* Info.plist */ = {isa = PBXFileReference; lastKnownFileType = text.plist.xml; path = Info.plist; sourceTree = "<group>"; };
/* End PBXFileReference section */

/* Begin PBXFrameworksBuildPhase section */
		10C9197A1D129449004E1A96 /* Frameworks */ = {
			isa = PBXFrameworksBuildPhase;
			buildActionMask = 2147483647;
			files = (
			);
			runOnlyForDeploymentPostprocessing = 0;
		};
		10C919901D12945C004E1A96 /* Frameworks */ = {
			isa = PBXFrameworksBuildPhase;
			buildActionMask = 2147483647;
			files = (
			);
			runOnlyForDeploymentPostprocessing = 0;
		};
/* End PBXFrameworksBuildPhase section */

/* Begin PBXGroup section */
		10C9193C1D128E30004E1A96 = {
			isa = PBXGroup;
			children = (
				10C9197E1D129449004E1A96 /* KeyEasy App */,
				10C919941D12945C004E1A96 /* KeyEasy */,
				10C919461D128E30004E1A96 /* Products */,
			);
			sourceTree = "<group>";
		};
		10C919461D128E30004E1A96 /* Products */ = {
			isa = PBXGroup;
			children = (
				10C9197D1D129449004E1A96 /* KeyEasy App.app */,
				10C919931D12945C004E1A96 /* KeyEasy.appex */,
			);
			name = Products;
			sourceTree = "<group>";
		};
		10C9197E1D129449004E1A96 /* KeyEasy App */ = {
			isa = PBXGroup;
			children = (
				10C9197F1D129449004E1A96 /* AppDelegate.swift */,
				10C919811D129449004E1A96 /* ViewController.swift */,
				10C919831D129449004E1A96 /* Main.storyboard */,
				10C919861D129449004E1A96 /* Assets.xcassets */,
				10C919881D129449004E1A96 /* LaunchScreen.storyboard */,
				10C9198B1D129449004E1A96 /* Info.plist */,
			);
			path = "KeyEasy App";
			sourceTree = "<group>";
		};
		10C919941D12945C004E1A96 /* KeyEasy */ = {
			isa = PBXGroup;
			children = (
				10C919951D12945C004E1A96 /* KeyboardViewController.swift */,
				10C919971D12945C004E1A96 /* Info.plist */,
			);
			path = KeyEasy;
			sourceTree = "<group>";
		};
/* End PBXGroup section */

/* Begin PBXNativeTarget section */
		10C9197C1D129449004E1A96 /* KeyEasy App */ = {
			isa = PBXNativeTarget;
			buildConfigurationList = 10C9198C1D129449004E1A96 /* Build configuration list for PBXNativeTarget "KeyEasy App" */;
			buildPhases = (
				10C919791D129449004E1A96 /* Sources */,
				10C9197A1D129449004E1A96 /* Frameworks */,
				10C9197B1D129449004E1A96 /* Resources */,
				10C9199E1D12945C004E1A96 /* Embed App Extensions */,
			);
			buildRules = (
			);
			dependencies = (
				10C919991D12945C004E1A96 /* PBXTargetDependency */,
			);
			name = "KeyEasy App";
			productName = "KeyEasy App";
			productReference = 10C9197D1D129449004E1A96 /* KeyEasy App.app */;
			productType = "com.apple.product-type.application";
		};
		10C919921D12945C004E1A96 /* KeyEasy */ = {
			isa = PBXNativeTarget;
			buildConfigurationList = 10C9199B1D12945C004E1A96 /* Build configuration list for PBXNativeTarget "KeyEasy" */;
			buildPhases = (
				10C9198F1D12945C004E1A96 /* Sources */,
				10C919901D12945C004E1A96 /* Frameworks */,
				10C919911D12945C004E1A96 /* Resources */,
			);
			buildRules = (
			);
			dependencies = (
			);
			name = KeyEasy;
			productName = KeyEasy;
			productReference = 10C919931D12945C004E1A96 /* KeyEasy.appex */;
			productType = "com.apple.product-type.app-extension";
		};
/* End PBXNativeTarget section */

/* Begin PBXProject section */
		10C9193D1D128E30004E1A96 /* Project object */ = {
			isa = PBXProject;
			attributes = {
				LastSwiftUpdateCheck = 0730;
				LastUpgradeCheck = 0730;
				ORGANIZATIONNAME = Mobikwik;
				TargetAttributes = {
					10C9197C1D129449004E1A96 = {
						CreatedOnToolsVersion = 7.3.1;
					};
					10C919921D12945C004E1A96 = {
						CreatedOnToolsVersion = 7.3.1;
					};
				};
			};
			buildConfigurationList = 10C919401D128E30004E1A96 /* Build configuration list for PBXProject "KeyEasy" */;
			compatibilityVersion = "Xcode 3.2";
			developmentRegion = English;
			hasScannedForEncodings = 0;
			knownRegions = (
				en,
				Base,
			);
			mainGroup = 10C9193C1D128E30004E1A96;
			productRefGroup = 10C919461D128E30004E1A96 /* Products */;
			projectDirPath = "";
			projectRoot = "";
			targets = (
				10C9197C1D129449004E1A96 /* KeyEasy App */,
				10C919921D12945C004E1A96 /* KeyEasy */,
			);
		};
/* End PBXProject section */

/* Begin PBXResourcesBuildPhase section */
		10C9197B1D129449004E1A96 /* Resources */ = {
			isa = PBXResourcesBuildPhase;
			buildActionMask = 2147483647;
			files = (
				10C9198A1D129449004E1A96 /* LaunchScreen.storyboard in Resources */,
				10C919871D129449004E1A96 /* Assets.xcassets in Resources */,
				10C919851D129449004E1A96 /* Main.storyboard in Resources */,
			);
			runOnlyForDeploymentPostprocessing = 0;
		};
		10C919911D12945C004E1A96 /* Resources */ = {
			isa = PBXResourcesBuildPhase;
			buildActionMask = 2147483647;
			files = (
			);
			runOnlyForDeploymentPostprocessing = 0;
		};
/* End PBXResourcesBuildPhase section */

/* Begin PBXSourcesBuildPhase section */
		10C919791D129449004E1A96 /* Sources */ = {
			isa = PBXSourcesBuildPhase;
			buildActionMask = 2147483647;
			files = (
				10C919821D129449004E1A96 /* ViewController.swift in Sources */,
				10C919801D129449004E1A96 /* AppDelegate.swift in Sources */,
			);
			runOnlyForDeploymentPostprocessing = 0;
		};
		10C9198F1D12945C004E1A96 /* Sources */ = {
			isa = PBXSourcesBuildPhase;
			buildActionMask = 2147483647;
			files = (
				10C919961D12945C004E1A96 /* KeyboardViewController.swift in Sources */,
			);
			runOnlyForDeploymentPostprocessing = 0;
		};
/* End PBXSourcesBuildPhase section */

/* Begin PBXTargetDependency section */
		10C919991D12945C004E1A96 /* PBXTargetDependency */ = {
			isa = PBXTargetDependency;
			target = 10C919921D12945C004E1A96 /* KeyEasy */;
			targetProxy = 10C919981D12945C004E1A96 /* PBXContainerItemProxy */;
		};
/* End PBXTargetDependency section */

/* Begin PBXVariantGroup section */
		10C919831D129449004E1A96 /* Main.storyboard */ = {
			isa = PBXVariantGroup;
			children = (
				10C919841D129449004E1A96 /* Base */,
			);
			name = Main.storyboard;
			sourceTree = "<group>";
		};
		10C919881D129449004E1A96 /* LaunchScreen.storyboard */ = {
			isa = PBXVariantGroup;
			children = (
				10C919891D129449004E1A96 /* Base */,
			);
			name = LaunchScreen.storyboard;
			sourceTree = "<group>";
		};
/* End PBXVariantGroup section */

/* Begin XCBuildConfiguration section */
		10C919551D128E30004E1A96 /* Debug */ = {
			isa = XCBuildConfiguration;
			buildSettings = {
				ALWAYS_SEARCH_USER_PATHS = NO;
				CLANG_ANALYZER_NONNULL = YES;
				CLANG_CXX_LANGUAGE_STANDARD = "gnu++0x";
				CLANG_CXX_LIBRARY = "libc++";
				CLANG_ENABLE_MODULES = YES;
				CLANG_ENABLE_OBJC_ARC = YES;
				CLANG_WARN_BOOL_CONVERSION = YES;
				CLANG_WARN_CONSTANT_CONVERSION = YES;
				CLANG_WARN_DIRECT_OBJC_ISA_USAGE = YES_ERROR;
				CLANG_WARN_EMPTY_BODY = YES;
				CLANG_WARN_ENUM_CONVERSION = YES;
				CLANG_WARN_INT_CONVERSION = YES;
				CLANG_WARN_OBJC_ROOT_CLASS = YES_ERROR;
				CLANG_WARN_UNREACHABLE_CODE = YES;
				CLANG_WARN__DUPLICATE_METHOD_MATCH = YES;
				"CODE_SIGN_IDENTITY[sdk=iphoneos*]" = "iPhone Developer";
				COPY_PHASE_STRIP = NO;
				DEBUG_INFORMATION_FORMAT = dwarf;
				ENABLE_STRICT_OBJC_MSGSEND = YES;
				ENABLE_TESTABILITY = YES;
				GCC_C_LANGUAGE_STANDARD = gnu99;
				GCC_DYNAMIC_NO_PIC = NO;
				GCC_NO_COMMON_BLOCKS = YES;
				GCC_OPTIMIZATION_LEVEL = 0;
				GCC_PREPROCESSOR_DEFINITIONS = (
					"DEBUG=1",
					"$(inherited)",
				);
				GCC_WARN_64_TO_32_BIT_CONVERSION = YES;
				GCC_WARN_ABOUT_RETURN_TYPE = YES_ERROR;
				GCC_WARN_UNDECLARED_SELECTOR = YES;
				GCC_WARN_UNINITIALIZED_AUTOS = YES_AGGRESSIVE;
				GCC_WARN_UNUSED_FUNCTION = YES;
				GCC_WARN_UNUSED_VARIABLE = YES;
				IPHONEOS_DEPLOYMENT_TARGET = 9.3;
				MTL_ENABLE_DEBUG_INFO = YES;
				ONLY_ACTIVE_ARCH = YES;
				SDKROOT = iphoneos;
				SWIFT_OPTIMIZATION_LEVEL = "-Onone";
				TARGETED_DEVICE_FAMILY = "1,2";
			};
			name = Debug;
		};
		10C919561D128E30004E1A96 /* Release */ = {
			isa = XCBuildConfiguration;
			buildSettings = {
				ALWAYS_SEARCH_USER_PATHS = NO;
				CLANG_ANALYZER_NONNULL = YES;
				CLANG_CXX_LANGUAGE_STANDARD = "gnu++0x";
				CLANG_CXX_LIBRARY = "libc++";
				CLANG_ENABLE_MODULES = YES;
				CLANG_ENABLE_OBJC_ARC = YES;
				CLANG_WARN_BOOL_CONVERSION = YES;
				CLANG_WARN_CONSTANT_CONVERSION = YES;
				CLANG_WARN_DIRECT_OBJC_ISA_USAGE = YES_ERROR;
				CLANG_WARN_EMPTY_BODY = YES;
				CLANG_WARN_ENUM_CONVERSION = YES;
				CLANG_WARN_INT_CONVERSION = YES;
				CLANG_WARN_OBJC_ROOT_CLASS = YES_ERROR;
				CLANG_WARN_UNREACHABLE_CODE = YES;
				CLANG_WARN__DUPLICATE_METHOD_MATCH = YES;
				"CODE_SIGN_IDENTITY[sdk=iphoneos*]" = "iPhone Developer";
				COPY_PHASE_STRIP = NO;
				DEBUG_INFORMATION_FORMAT = "dwarf-with-dsym";
				ENABLE_NS_ASSERTIONS = NO;
				ENABLE_STRICT_OBJC_MSGSEND = YES;
				GCC_C_LANGUAGE_STANDARD = gnu99;
				GCC_NO_COMMON_BLOCKS = YES;
				GCC_WARN_64_TO_32_BIT_CONVERSION = YES;
				GCC_WARN_ABOUT_RETURN_TYPE = YES_ERROR;
				GCC_WARN_UNDECLARED_SELECTOR = YES;
				GCC_WARN_UNINITIALIZED_AUTOS = YES_AGGRESSIVE;
				GCC_WARN_UNUSED_FUNCTION = YES;
				GCC_WARN_UNUSED_VARIABLE = YES;
				IPHONEOS_DEPLOYMENT_TARGET = 9.3;
				MTL_ENABLE_DEBUG_INFO = NO;
				SDKROOT = iphoneos;
				TARGETED_DEVICE_FAMILY = "1,2";
				VALIDATE_PRODUCT = YES;
			};
			name = Release;
		};
		10C9198D1D129449004E1A96 /* Debug */ = {
			isa = XCBuildConfiguration;
			buildSettings = {
				ASSETCATALOG_COMPILER_APPICON_NAME = AppIcon;
				EMBEDDED_CONTENT_CONTAINS_SWIFT = YES;
				INFOPLIST_FILE = "KeyEasy App/Info.plist";
				LD_RUNPATH_SEARCH_PATHS = "$(inherited) @executable_path/Frameworks";
				PRODUCT_BUNDLE_IDENTIFIER = "com.mobikwik.KeyEasy-App";
				PRODUCT_NAME = "$(TARGET_NAME)";
			};
			name = Debug;
		};
		10C9198E1D129449004E1A96 /* Release */ = {
			isa = XCBuildConfiguration;
			buildSettings = {
				ASSETCATALOG_COMPILER_APPICON_NAME = AppIcon;
				EMBEDDED_CONTENT_CONTAINS_SWIFT = YES;
				INFOPLIST_FILE = "KeyEasy App/Info.plist";
				LD_RUNPATH_SEARCH_PATHS = "$(inherited) @executable_path/Frameworks";
				PRODUCT_BUNDLE_IDENTIFIER = "com.mobikwik.KeyEasy-App";
				PRODUCT_NAME = "$(TARGET_NAME)";
			};
			name = Release;
		};
		10C9199C1D12945C004E1A96 /* Debug */ = {
			isa = XCBuildConfiguration;
			buildSettings = {
				INFOPLIST_FILE = KeyEasy/Info.plist;
				LD_RUNPATH_SEARCH_PATHS = "$(inherited) @executable_path/Frameworks @executable_path/../../Frameworks";
				PRODUCT_BUNDLE_IDENTIFIER = "com.mobikwik.KeyEasy-App.KeyEasy";
				PRODUCT_NAME = "$(TARGET_NAME)";
				SKIP_INSTALL = YES;
			};
			name = Debug;
		};
		10C9199D1D12945C004E1A96 /* Release */ = {
			isa = XCBuildConfiguration;
			buildSettings = {
				INFOPLIST_FILE = KeyEasy/Info.plist;
				LD_RUNPATH_SEARCH_PATHS = "$(inherited) @executable_path/Frameworks @executable_path/../../Frameworks";
				PRODUCT_BUNDLE_IDENTIFIER = "com.mobikwik.KeyEasy-App.KeyEasy";
				PRODUCT_NAME = "$(TARGET_NAME)";
				SKIP_INSTALL = YES;
			};
			name = Release;
		};
/* End XCBuildConfiguration section */

/* Begin XCConfigurationList section */
		10C919401D128E30004E1A96 /* Build configuration list for PBXProject "KeyEasy" */ = {
			isa = XCConfigurationList;
			buildConfigurations = (
				10C919551D128E30004E1A96 /* Debug */,
				10C919561D128E30004E1A96 /* Release */,
			);
			defaultConfigurationIsVisible = 0;
			defaultConfigurationName = Release;
		};
		10C9198C1D129449004E1A96 /* Build configuration list for PBXNativeTarget "KeyEasy App" */ = {
			isa = XCConfigurationList;
			buildConfigurations = (
				10C9198D1D129449004E1A96 /* Debug */,
				10C9198E1D129449004E1A96 /* Release */,
			);
			defaultConfigurationIsVisible = 0;
		};
		10C9199B1D12945C004E1A96 /* Build configuration list for PBXNativeTarget "KeyEasy" */ = {
			isa = XCConfigurationList;
			buildConfigurations = (
				10C9199C1D12945C004E1A96 /* Debug */,
				10C9199D1D12945C004E1A96 /* Release */,
			);
			defaultConfigurationIsVisible = 0;
		};
/* End XCConfigurationList section */
	};
	rootObject = 10C9193D1D128E30004E1A96 /* Project object */;
}
